{
  "nodes": {
    "cachix": {
      "locked": {
        "lastModified": 1645296114,
        "narHash": "sha256-y53N7TyIkXsjMpOG7RhvqJFGDacLs9HlyHeSTBioqYU=",
        "owner": "nixos",
        "repo": "nixpkgs",
        "rev": "530a53dcbc9437363471167a5e4762c5fcfa34a1",
        "type": "github"
      },
      "original": {
        "owner": "nixos",
        "ref": "nixos-21.05",
        "repo": "nixpkgs",
        "type": "github"
      }
    },
    "doom-emacs-source": {
      "flake": false,
      "locked": {
        "lastModified": 1650663365,
        "narHash": "sha256-YaCDaBc3rgVr4+qRNWmyPo0pf+gErDmseouXLK45Na4=",
        "owner": "hlissner",
        "repo": "doom-emacs",
        "rev": "65ff263668156cccf0cd1ca9b082cb0d026303f8",
        "type": "github"
      },
      "original": {
        "owner": "hlissner",
        "ref": "master",
        "repo": "doom-emacs",
        "type": "github"
      }
    },
    "emacs-overlay": {
      "locked": {
        "lastModified": 1650738662,
        "narHash": "sha256-pfinjSdBQhaaChVbTgUHlfZzE6bJ8MOak+NjPQHoWc0=",
        "owner": "nix-community",
        "repo": "emacs-overlay",
        "rev": "49322ef5264e7a8f443092268c10acd6f05cbed6",
        "type": "github"
      },
      "original": {
        "owner": "nix-community",
        "repo": "emacs-overlay",
        "type": "github"
      }
    },
    "flake-compat": {
      "flake": false,
      "locked": {
        "lastModified": 1650374568,
        "narHash": "sha256-Z+s0J8/r907g149rllvwhb4pKi8Wam5ij0st8PwAh+E=",
        "owner": "edolstra",
        "repo": "flake-compat",
        "rev": "b4a34015c698c7793d592d66adbab377907a2be8",
        "type": "github"
      },
      "original": {
        "owner": "edolstra",
        "repo": "flake-compat",
        "type": "github"
      }
    },
    "flake-compat_2": {
      "flake": false,
      "locked": {
        "lastModified": 1650374568,
        "narHash": "sha256-Z+s0J8/r907g149rllvwhb4pKi8Wam5ij0st8PwAh+E=",
        "owner": "edolstra",
        "repo": "flake-compat",
        "rev": "b4a34015c698c7793d592d66adbab377907a2be8",
        "type": "github"
      },
      "original": {
        "owner": "edolstra",
        "repo": "flake-compat",
        "type": "github"
      }
    },
    "flake-utils": {
      "locked": {
        "lastModified": 1644229661,
        "narHash": "sha256-1YdnJAsNy69bpcjuoKdOYQX0YxZBiCYZo4Twxerqv7k=",
        "owner": "numtide",
        "repo": "flake-utils",
        "rev": "3cecb5b042f7f209c56ffd8371b2711a290ec797",
        "type": "github"
      },
      "original": {
        "owner": "numtide",
        "repo": "flake-utils",
        "type": "github"
      }
    },
    "home-manager": {
      "inputs": {
        "nixpkgs": [
          "nixpkgs"
        ]
      },
      "locked": {
        "lastModified": 1649875614,
        "narHash": "sha256-gNy43c48xMcY2VgGB5g+TXbW1x7JXniqpSgyHzrnAuA=",
        "owner": "berbiche",
        "repo": "home-manager",
        "rev": "12bdacc71b66cdba4248714ccc57e5ec88d58d20",
        "type": "github"
      },
      "original": {
        "owner": "berbiche",
        "ref": "my-custom-master-branch",
        "repo": "home-manager",
        "type": "github"
      }
    },
    "master": {
      "locked": {
        "lastModified": 1650740107,
        "narHash": "sha256-WV+t39KZBv+Es4DIgt6jLpzFU6ax4WP4J72U3imy7ho=",
        "owner": "nixos",
        "repo": "nixpkgs",
        "rev": "83a60b655eb1ce55d8cf53c09edf3cffa0187d29",
        "type": "github"
      },
      "original": {
        "owner": "nixos",
        "ref": "master",
        "repo": "nixpkgs",
        "type": "github"
      }
    },
    "my-nur": {
      "flake": false,
      "locked": {
        "lastModified": 1646759689,
        "narHash": "sha256-DJWZVvyMcXPl4S/fWpxU/4O8TUWwSlCD9P161+o218E=",
        "owner": "berbiche",
        "repo": "nur-packages",
        "rev": "fe94aca164bbe1f038a133ece224799736ddbed9",
        "type": "github"
      },
      "original": {
        "owner": "berbiche",
        "repo": "nur-packages",
        "type": "github"
      }
    },
    "neovim-flake": {
      "inputs": {
        "flake-utils": "flake-utils",
        "nixpkgs": [
          "neovim-nightly",
          "nixpkgs"
        ]
      },
      "locked": {
        "dir": "contrib",
        "lastModified": 1650672068,
        "narHash": "sha256-lt++oCZbD3+qrdMlqVBmecckUExg9A1PhLWkImqLgPM=",
        "owner": "neovim",
        "repo": "neovim",
        "rev": "4e4914ab2e523f100c06fc5fb253f8625cc67232",
        "type": "github"
      },
      "original": {
        "dir": "contrib",
        "owner": "neovim",
        "repo": "neovim",
        "type": "github"
      }
    },
    "neovim-nightly": {
      "inputs": {
        "flake-compat": "flake-compat",
        "neovim-flake": "neovim-flake",
        "nixpkgs": [
          "nixpkgs"
        ]
      },
      "locked": {
        "lastModified": 1650701691,
        "narHash": "sha256-JwvkAgRMtdMKQLjoBFcCu7IyAlAJUisPiksLONWGp1A=",
        "owner": "nix-community",
        "repo": "neovim-nightly-overlay",
        "rev": "ee0dc151a425951a0a6d95a7164b7184e6e0766a",
        "type": "github"
      },
      "original": {
        "owner": "nix-community",
        "repo": "neovim-nightly-overlay",
        "type": "github"
      }
    },
    "nix-darwin": {
      "inputs": {
        "nixpkgs": [
          "nixpkgs"
        ]
      },
      "locked": {
        "lastModified": 1646688667,
        "narHash": "sha256-+OYpK4v0XDZj1I3lG1z5jioWflZ0QDIJ9yDhYswhFog=",
        "owner": "berbiche",
        "repo": "nix-darwin",
        "rev": "9fd558ac41304f251055d36fc73de27bf6e2362e",
        "type": "github"
      },
      "original": {
        "owner": "berbiche",
        "ref": "stuff-i-want-merged",
        "repo": "nix-darwin",
        "type": "github"
      }
    },
    "nixpkgs": {
      "locked": {
        "lastModified": 1650703034,
        "narHash": "sha256-djfwG2HDkRZ6jgqPzedpttRI8qhQAheeDASzg4ZcqEI=",
        "owner": "nixos",
        "repo": "nixpkgs",
        "rev": "d66d12d43f858181f34f8ce1116166c596b737f3",
        "type": "github"
      },
      "original": {
        "owner": "nixos",
        "ref": "nixos-unstable-small",
        "repo": "nixpkgs",
        "type": "github"
      }
    },
    "nixpkgs-wayland": {
      "inputs": {
        "cachix": "cachix",
        "flake-compat": "flake-compat_2",
        "nixpkgs": [
          "nixpkgs"
        ]
      },
      "locked": {
        "lastModified": 1650740994,
        "narHash": "sha256-87HK7xLjNh9+dJkduZlZa9KwcGgL1SKK6avgBgSZjRs=",
        "owner": "nix-community",
        "repo": "nixpkgs-wayland",
        "rev": "40411db0ddcb8f7f2f420800a65fe89bead58c67",
        "type": "github"
      },
      "original": {
        "owner": "nix-community",
        "repo": "nixpkgs-wayland",
        "type": "github"
      }
    },
    "nur": {
      "locked": {
        "lastModified": 1650733800,
        "narHash": "sha256-IEELxtVY5xsxKxeeOH/GG+x4T1ME+8sLHnHHRPOB5VM=",
        "owner": "nix-community",
        "repo": "nur",
        "rev": "ce138f247184f28d3a33d49f663b02dbd08fbe4f",
        "type": "github"
      },
      "original": {
        "owner": "nix-community",
        "repo": "nur",
        "type": "github"
      }
    },
    "root": {
      "inputs": {
        "doom-emacs-source": "doom-emacs-source",
        "emacs-overlay": "emacs-overlay",
        "home-manager": "home-manager",
        "master": "master",
        "my-nur": "my-nur",
        "neovim-nightly": "neovim-nightly",
        "nix-darwin": "nix-darwin",
        "nixpkgs": "nixpkgs",
        "nixpkgs-wayland": "nixpkgs-wayland",
        "nur": "nur",
        "sops-nix": "sops-nix"
      }
    },
    "sops-nix": {
      "inputs": {
        "nixpkgs": [
          "nixpkgs"
        ]
      },
      "locked": {
        "lastModified": 1649756291,
        "narHash": "sha256-KTll8bCINAzIUGaaMrbn9wb5nfhkXRLgmFrWGR/Dku0=",
        "owner": "Mic92",
        "repo": "sops-nix",
        "rev": "c2614c4fe61943b3d280ac1892fcebe6e8eaf8c8",
        "type": "github"
      },
      "original": {
        "owner": "Mic92",
        "repo": "sops-nix",
        "type": "github"
      }
    }
  },
  "root": "root",
  "version": 7
}
