{
  "nodes": {
    "cachix": {
      "locked": {
        "lastModified": 1640169700,
        "narHash": "sha256-Y+WR7cpiUTroEtoGR8Q3KMbFARvOiACLLmNQ+/iEz2E=",
        "owner": "nixos",
        "repo": "nixpkgs",
        "rev": "3f0e4de0c2d2c85d7abce260f8c17c8ef5b78e5b",
        "type": "github"
      },
      "original": {
        "owner": "nixos",
        "ref": "nixos-21.05",
        "repo": "nixpkgs",
        "type": "github"
      }
    },
    "doom-emacs-source": {
      "flake": false,
      "locked": {
        "lastModified": 1641234148,
        "narHash": "sha256-LF16ObxUfsycZdDBdiV8DQctpaJelebUfK6/qBgiN34=",
        "owner": "hlissner",
        "repo": "doom-emacs",
        "rev": "78324248435b395e25edbd2e06c352b1062e5395",
        "type": "github"
      },
      "original": {
        "owner": "hlissner",
        "ref": "develop",
        "repo": "doom-emacs",
        "type": "github"
      }
    },
    "emacs-overlay": {
      "locked": {
        "lastModified": 1641236893,
        "narHash": "sha256-v2xqPcXVPVWXET3ym4XgfAwEtk4Fyg63l739ZOGvfYE=",
        "owner": "nix-community",
        "repo": "emacs-overlay",
        "rev": "2dbc208e1a3a1f09744ed819f4c9b676bfc15774",
        "type": "github"
      },
      "original": {
        "owner": "nix-community",
        "repo": "emacs-overlay",
        "type": "github"
      }
    },
    "flake-compat": {
      "flake": false,
      "locked": {
        "lastModified": 1627913399,
        "narHash": "sha256-hY8g6H2KFL8ownSiFeMOjwPC8P0ueXpCVEbxgda3pko=",
        "owner": "edolstra",
        "repo": "flake-compat",
        "rev": "12c64ca55c1014cdc1b16ed5a804aa8576601ff2",
        "type": "github"
      },
      "original": {
        "owner": "edolstra",
        "repo": "flake-compat",
        "type": "github"
      }
    },
    "flake-utils": {
      "locked": {
        "lastModified": 1629481132,
        "narHash": "sha256-JHgasjPR0/J1J3DRm4KxM4zTyAj4IOJY8vIl75v/kPI=",
        "owner": "numtide",
        "repo": "flake-utils",
        "rev": "997f7efcb746a9c140ce1f13c72263189225f482",
        "type": "github"
      },
      "original": {
        "owner": "numtide",
        "repo": "flake-utils",
        "type": "github"
      }
    },
    "home-manager": {
      "inputs": {
        "nixpkgs": [
          "nixpkgs"
        ]
      },
      "locked": {
        "lastModified": 1640920274,
        "narHash": "sha256-pCAo/ZTF+RtvUeqzvSixUrBZ/hjLTUJeqDYJr1s0UlE=",
        "owner": "berbiche",
        "repo": "home-manager",
        "rev": "8449b7ab9af18abf1c70fc7c4f0e316b5beeae17",
        "type": "github"
      },
      "original": {
        "owner": "berbiche",
        "ref": "my-custom-master-branch",
        "repo": "home-manager",
        "type": "github"
      }
    },
    "master": {
      "locked": {
        "lastModified": 1641781445,
        "narHash": "sha256-BUKyf2pxYsjf7DFIqRxJ/dO3r78hprTp9irDan46ecc=",
        "owner": "nixos",
        "repo": "nixpkgs",
        "rev": "6da0ee5e77fe09d7ac632bddc9d6f2e978051de2",
        "type": "github"
      },
      "original": {
        "owner": "nixos",
        "ref": "master",
        "repo": "nixpkgs",
        "type": "github"
      }
    },
    "my-nur": {
      "flake": false,
      "locked": {
        "lastModified": 1637625479,
        "narHash": "sha256-SVw/MEUDTWAwo3YSNVWcg6++uHBlasi8QCFyTr3UuhU=",
        "owner": "berbiche",
        "repo": "nur-packages",
        "rev": "5a4e0ba6c2360b388c5b5be127bd17e0e8e3d0b3",
        "type": "github"
      },
      "original": {
        "owner": "berbiche",
        "repo": "nur-packages",
        "type": "github"
      }
    },
    "neovim-flake": {
      "inputs": {
        "flake-utils": "flake-utils",
        "nixpkgs": "nixpkgs"
      },
      "locked": {
        "dir": "contrib",
        "lastModified": 1641172387,
        "narHash": "sha256-51oqBEh9TyQm3k97ZTWeVICuXYQ76NrE+Nbbcyja+nQ=",
        "owner": "neovim",
        "repo": "neovim",
        "rev": "2f31e7b88b1147fa5f48b1ab1d140cb8ccc1e801",
        "type": "github"
      },
      "original": {
        "dir": "contrib",
        "owner": "neovim",
        "repo": "neovim",
        "type": "github"
      }
    },
    "neovim-nightly": {
      "inputs": {
        "flake-compat": "flake-compat",
        "neovim-flake": "neovim-flake",
        "nixpkgs": [
          "nixpkgs"
        ]
      },
      "locked": {
        "lastModified": 1641197702,
        "narHash": "sha256-jGAoyaW74wg84JdmVHQDYZGhLuLRpWBfMyWyj6ghZZU=",
        "owner": "nix-community",
        "repo": "neovim-nightly-overlay",
        "rev": "fbbde9c2bb7c9ac3cd10b9fc12ccce95cd23041e",
        "type": "github"
      },
      "original": {
        "owner": "nix-community",
        "repo": "neovim-nightly-overlay",
        "type": "github"
      }
    },
    "nix-darwin": {
      "inputs": {
        "nixpkgs": [
          "nixpkgs"
        ]
      },
      "locked": {
        "lastModified": 1633711635,
        "narHash": "sha256-Inv2+S8xH4+tnT2bjZobGYV/9OuQoYbKYYsqO2/cGQc=",
        "owner": "berbiche",
        "repo": "nix-darwin",
        "rev": "8c87b2f86968a63f0e1ba70e6ca9ca5345ea931c",
        "type": "github"
      },
      "original": {
        "owner": "berbiche",
        "ref": "stuff-i-want-merged",
        "repo": "nix-darwin",
        "type": "github"
      }
    },
    "nixpkgs": {
      "locked": {
        "lastModified": 1642104392,
        "narHash": "sha256-m71b7MgMh9FDv4MnI5sg9MiBVW6DhE1zq+d/KlLWSC8=",
        "owner": "nixos",
        "repo": "nixpkgs",
        "rev": "5aaed40d22f0d9376330b6fa413223435ad6fee5",
        "type": "github"
      },
      "original": {
        "owner": "nixos",
        "ref": "nixos-unstable",
        "repo": "nixpkgs",
        "type": "github"
      }
    },
    "nixpkgs-wayland": {
      "inputs": {
        "cachix": "cachix",
        "nixpkgs": [
          "nixpkgs"
        ]
      },
      "locked": {
        "lastModified": 1640387278,
        "narHash": "sha256-8bLZfs9aOHWR12HaUYz+4IC0zPo8SnqntDVN6Bb0XcM=",
        "owner": "nix-community",
        "repo": "nixpkgs-wayland",
        "rev": "1ffd1e219ef9ef8fa70fe4d0ce4b385ef48ba633",
        "type": "github"
      },
      "original": {
        "owner": "nix-community",
        "repo": "nixpkgs-wayland",
        "type": "github"
      }
    },
    "nixpkgs_2": {
      "locked": {
        "lastModified": 1641210259,
        "narHash": "sha256-O7oWcTw9WY/gbZPPqDpNYOAeT4bOK+1rtYC9ZaevTT0=",
        "owner": "nixos",
        "repo": "nixpkgs",
        "rev": "18c84ea816348e2a098390101b92d1e39a9dbd45",
        "type": "github"
      },
      "original": {
        "owner": "nixos",
        "ref": "nixos-unstable-small",
        "repo": "nixpkgs",
        "type": "github"
      }
    },
    "nur": {
      "locked": {
        "lastModified": 1641254509,
        "narHash": "sha256-dB7/V9mDxremDD1r7dP24c+NeSwnKCyBAOlINEEdKQg=",
        "owner": "nix-community",
        "repo": "nur",
        "rev": "0a4e065049cbf62013ea39271fc1a511eb413b2f",
        "type": "github"
      },
      "original": {
        "owner": "nix-community",
        "repo": "nur",
        "type": "github"
      }
    },
    "root": {
      "inputs": {
        "doom-emacs-source": "doom-emacs-source",
        "emacs-overlay": "emacs-overlay",
        "home-manager": "home-manager",
        "master": "master",
        "my-nur": "my-nur",
        "neovim-nightly": "neovim-nightly",
        "nix-darwin": "nix-darwin",
        "nixpkgs": "nixpkgs_2",
        "nixpkgs-wayland": "nixpkgs-wayland",
        "nur": "nur",
        "sops-nix": "sops-nix"
      }
    },
    "sops-nix": {
      "inputs": {
        "nixpkgs": [
          "nixpkgs"
        ]
      },
      "locked": {
        "lastModified": 1640804118,
        "narHash": "sha256-4qHIQbiFmb+qXKt0nOY09XO/KdSMTrlHdhRK7St4zzU=",
        "owner": "Mic92",
        "repo": "sops-nix",
        "rev": "1514ac9fd54363a24c513de43dd0b963e2d17cb7",
        "type": "github"
      },
      "original": {
        "owner": "Mic92",
        "repo": "sops-nix",
        "type": "github"
      }
    }
  },
  "root": "root",
  "version": 7
}
