{
  "nodes": {
    "home-manager": {
      "inputs": {
        "nixpkgs": "nixpkgs"
      },
      "locked": {
        "lastModified": 1591751635,
        "narHash": "sha256-KgGtyFlkI/fsp+j8VEgJ/ynY9B91aX35Xp04HlDLRTo=",
        "owner": "rycee",
        "repo": "home-manager",
        "rev": "b3fee796fcd5531693d9b84ece76ad6836bb1cfa",
        "type": "github"
      },
      "original": {
        "owner": "rycee",
        "ref": "bqv-flakes",
        "repo": "home-manager",
        "type": "github"
      }
    },
    "nix": {
      "inputs": {
        "nixpkgs": "nixpkgs_2"
      },
      "locked": {
        "lastModified": 1595160116,
        "narHash": "sha256-bOXZcOVh/4tnOb0vXCwDpmNHuW7aVfGUvmz3KyYMCuo=",
        "owner": "nixos",
        "repo": "nix",
        "rev": "a79b6ddaa5dd5960da845d1b8d3c80601cd918a4",
        "type": "github"
      },
      "original": {
        "owner": "nixos",
        "repo": "nix",
        "rev": "a79b6ddaa5dd5960da845d1b8d3c80601cd918a4",
        "type": "github"
      }
    },
    "nixpkgs": {
      "locked": {
        "lastModified": 1591748508,
        "narHash": "sha256-GdYYaYsSBgYUhbDT1JJQ7vEgo8FWeW/AW7/qqJuCvRA=",
        "owner": "NixOS",
        "repo": "nixpkgs",
        "rev": "1d8c4410687390f9b8f92dbe6ff39fd8fc2b17c6",
        "type": "github"
      },
      "original": {
        "id": "nixpkgs",
        "type": "indirect"
      }
    },
    "nixpkgs-mozilla": {
      "flake": false,
      "locked": {
        "lastModified": 1594829078,
        "narHash": "sha256-yRCkO499a5gucHmxgWb/QDqPt/UBTbuPURuPZ9DLmIc=",
        "owner": "mozilla",
        "repo": "nixpkgs-mozilla",
        "rev": "efda5b357451dbb0431f983cca679ae3cd9b9829",
        "type": "github"
      },
      "original": {
        "owner": "mozilla",
        "repo": "nixpkgs-mozilla",
        "type": "github"
      }
    },
    "nixpkgs-wayland": {
      "inputs": {
        "nixpkgs": [
          "nixpkgs"
        ]
      },
      "locked": {
        "lastModified": 1595883783,
        "narHash": "sha256-GA0K3Y4qXs213Cl4SeTo8AUpRLNvYH3VIWxyWQ+2yys=",
        "owner": "colemickens",
        "repo": "nixpkgs-wayland",
        "rev": "ffb57fd0fd5790dd5b771a53b9522efe8cb487ae",
        "type": "github"
      },
      "original": {
        "owner": "colemickens",
        "repo": "nixpkgs-wayland",
        "type": "github"
      }
    },
    "nixpkgs_2": {
      "locked": {
        "lastModified": 1591633336,
        "narHash": "sha256-oVXv4xAnDJB03LvZGbC72vSVlIbbJr8tpjEW5o/Fdek=",
        "owner": "NixOS",
        "repo": "nixpkgs",
        "rev": "70717a337f7ae4e486ba71a500367cad697e5f09",
        "type": "github"
      },
      "original": {
        "id": "nixpkgs",
        "ref": "nixos-20.03-small",
        "type": "indirect"
      }
    },
    "nixpkgs_3": {
      "locked": {
        "lastModified": 1596182075,
        "narHash": "sha256-hoxvEm4iYsoEH1pZd20Kc+uTJM396pnHFACm58RiTFY=",
        "owner": "nixos",
        "repo": "nixpkgs",
        "rev": "bac4f8ae18501007dbad0a004669c7015df53607",
        "type": "github"
      },
      "original": {
        "owner": "nixos",
        "ref": "nixos-unstable-small",
        "repo": "nixpkgs",
        "type": "github"
      }
    },
    "root": {
      "inputs": {
        "home-manager": "home-manager",
        "nix": "nix",
        "nixpkgs": "nixpkgs_3",
        "nixpkgs-mozilla": "nixpkgs-mozilla",
        "nixpkgs-wayland": "nixpkgs-wayland",
        "vim-theme-anderson": "vim-theme-anderson",
        "vim-theme-gruvbox": "vim-theme-gruvbox",
        "vim-theme-monokai": "vim-theme-monokai",
        "vim-theme-synthwave84": "vim-theme-synthwave84"
      }
    },
    "vim-theme-anderson": {
      "flake": false,
      "locked": {
        "lastModified": 1584234636,
        "narHash": "sha256-lsd8PPU1nlili9k8pMENdt5FV91N2HQvmYmD2k9piMg=",
        "owner": "tlhr",
        "repo": "anderson.vim",
        "rev": "77823ba30631fc1d12f443de1eeff97e9c299fdf",
        "type": "github"
      },
      "original": {
        "owner": "tlhr",
        "repo": "anderson.vim",
        "type": "github"
      }
    },
    "vim-theme-gruvbox": {
      "flake": false,
      "locked": {
        "lastModified": 1593780126,
        "narHash": "sha256-H8WkOC9NMPXFznv2+dwOj3syNd2sLqszmoMqST/W5hQ=",
        "owner": "morhetz",
        "repo": "gruvbox",
        "rev": "bf2885a95efdad7bd5e4794dd0213917770d79b7",
        "type": "github"
      },
      "original": {
        "owner": "morhetz",
        "repo": "gruvbox",
        "type": "github"
      }
    },
    "vim-theme-monokai": {
      "flake": false,
      "locked": {
        "lastModified": 1547626576,
        "narHash": "sha256-iVIvBK9snG+5Ck/9CuUMCCmfKmSSzG7GXuZfE7sKVIo=",
        "owner": "sickill",
        "repo": "vim-monokai",
        "rev": "ae7753878f8740fbdb2cef5617911ef83255349b",
        "type": "github"
      },
      "original": {
        "owner": "sickill",
        "repo": "vim-monokai",
        "type": "github"
      }
    },
    "vim-theme-synthwave84": {
      "flake": false,
      "locked": {
        "lastModified": 1593503409,
        "narHash": "sha256-hd9YsjyrmQ5d3XO/T1M5pk7aVewcIUDWI4Ggv6rnL8Q=",
        "owner": "artanikin",
        "repo": "vim-synthwave84",
        "rev": "f443a704e03518a8e22bd6732d742522efc55d9c",
        "type": "github"
      },
      "original": {
        "owner": "artanikin",
        "repo": "vim-synthwave84",
        "type": "github"
      }
    }
  },
  "root": "root",
  "version": 7
}
